
Microsoft Visual Studio Solution File, Format Version 12.00
# Visual Studio Version 17
VisualStudioVersion = 17.1.32421.90
MinimumVisualStudioVersion = 10.0.40219.1
Project("{9A19103F-16F7-4668-BE54-9A1E7A4F7556}") = "Commander.API.Commands", "Commander.API.Commands\Commander.API.Commands.csproj", "{67030D47-B18B-4F0F-A6CA-CDF2FC45DAF6}"
EndProject
Project("{9A19103F-16F7-4668-BE54-9A1E7A4F7556}") = "Commander.API.UnitTests", "Commander.API.UnitTests\Commander.API.UnitTests.csproj", "{8B1A2143-FBD0-4967-B201-D09412290965}"
EndProject
Global
	GlobalSection(SolutionConfigurationPlatforms) = preSolution
		Debug|Any CPU = Debug|Any CPU
		Release|Any CPU = Release|Any CPU
	EndGlobalSection
	GlobalSection(ProjectConfigurationPlatforms) = postSolution
		{67030D47-B18B-4F0F-A6CA-CDF2FC45DAF6}.Debug|Any CPU.ActiveCfg = Debug|Any CPU
		{67030D47-B18B-4F0F-A6CA-CDF2FC45DAF6}.Debug|Any CPU.Build.0 = Debug|Any CPU
		{67030D47-B18B-4F0F-A6CA-CDF2FC45DAF6}.Release|Any CPU.ActiveCfg = Release|Any CPU
		{67030D47-B18B-4F0F-A6CA-CDF2FC45DAF6}.Release|Any CPU.Build.0 = Release|Any CPU
		{8B1A2143-FBD0-4967-B201-D09412290965}.Debug|Any CPU.ActiveCfg = Debug|Any CPU
		{8B1A2143-FBD0-4967-B201-D09412290965}.Debug|Any CPU.Build.0 = Debug|Any CPU
		{8B1A2143-FBD0-4967-B201-D09412290965}.Release|Any CPU.ActiveCfg = Release|Any CPU
		{8B1A2143-FBD0-4967-B201-D09412290965}.Release|Any CPU.Build.0 = Release|Any CPU
	EndGlobalSection
	GlobalSection(SolutionProperties) = preSolution
		HideSolutionNode = FALSE
	EndGlobalSection
	GlobalSection(ExtensibilityGlobals) = postSolution
		SolutionGuid = {E8E9F71A-3148-4806-AD21-1A50A8AD5352}
	EndGlobalSection
EndGlobal
